
Microsoft Visual Studio Solution File, Format Version 11.00
# Visual Studio 2010
Project("{8BC9CEB8-8B4A-11D0-8D11-00A0C91BC942}") = "MonoEmbed", "MonoEmbed.vcxproj", "{AE8E1EA1-5B13-11DF-A08A-0800200C9A66}"
	ProjectSection(ProjectDependencies) = postProject
		{FFB5C82A-691F-40FF-AEE1-56BC5C05B695} = {FFB5C82A-691F-40FF-AEE1-56BC5C05B695}
	EndProjectSection
EndProject
Project("{FAE04EC0-301F-11D3-BF4B-00C04F79EFBC}") = "TalonScript", "scripts\TalonScript.csproj", "{FFB5C82A-691F-40FF-AEE1-56BC5C05B695}"
EndProject
Project("{FAE04EC0-301F-11D3-BF4B-00C04F79EFBC}") = "GenerateWrappers", "tools\GenerateWrappers\GenerateWrappers.csproj", "{22BC18EC-BCFD-4F61-B9D9-F72B37C369DB}"
EndProject
Project("{FAE04EC0-301F-11D3-BF4B-00C04F79EFBC}") = "Mono.TextTemplating", "..\monodevelop\main\src\addins\TextTemplating\Mono.TextTemplating\Mono.TextTemplating.csproj", "{A2364D6A-00EF-417C-80A6-815726C70032}"
EndProject
Project("{FAE04EC0-301F-11D3-BF4B-00C04F79EFBC}") = "Talon.Utility", "src\Talon.Utility\Talon.Utility.csproj", "{F0BB7927-B2DB-4E37-9807-8E697CA09F32}"
EndProject
Global
	GlobalSection(SolutionConfigurationPlatforms) = preSolution
		Debug|Win32 = Debug|Win32
		Debug|x64 = Debug|x64
		Release|Win32 = Release|Win32
		Release|x64 = Release|x64
	EndGlobalSection
	GlobalSection(ProjectConfigurationPlatforms) = postSolution
		{AE8E1EA1-5B13-11DF-A08A-0800200C9A66}.Debug|Win32.ActiveCfg = Debug|Win32
		{AE8E1EA1-5B13-11DF-A08A-0800200C9A66}.Debug|Win32.Build.0 = Debug|Win32
		{AE8E1EA1-5B13-11DF-A08A-0800200C9A66}.Debug|x64.ActiveCfg = Debug|x64
		{AE8E1EA1-5B13-11DF-A08A-0800200C9A66}.Debug|x64.Build.0 = Debug|x64
		{AE8E1EA1-5B13-11DF-A08A-0800200C9A66}.Release|Win32.ActiveCfg = Release|Win32
		{AE8E1EA1-5B13-11DF-A08A-0800200C9A66}.Release|Win32.Build.0 = Release|Win32
		{AE8E1EA1-5B13-11DF-A08A-0800200C9A66}.Release|x64.ActiveCfg = Release|x64
		{AE8E1EA1-5B13-11DF-A08A-0800200C9A66}.Release|x64.Build.0 = Release|x64
		{FFB5C82A-691F-40FF-AEE1-56BC5C05B695}.Debug|Win32.ActiveCfg = Debug|Any CPU
		{FFB5C82A-691F-40FF-AEE1-56BC5C05B695}.Debug|Win32.Build.0 = Debug|Any CPU
		{FFB5C82A-691F-40FF-AEE1-56BC5C05B695}.Debug|x64.ActiveCfg = Debug|Any CPU
		{FFB5C82A-691F-40FF-AEE1-56BC5C05B695}.Debug|x64.Build.0 = Debug|Any CPU
		{FFB5C82A-691F-40FF-AEE1-56BC5C05B695}.Release|Win32.ActiveCfg = Release|Any CPU
		{FFB5C82A-691F-40FF-AEE1-56BC5C05B695}.Release|Win32.Build.0 = Release|Any CPU
		{FFB5C82A-691F-40FF-AEE1-56BC5C05B695}.Release|x64.ActiveCfg = Release|Any CPU
		{FFB5C82A-691F-40FF-AEE1-56BC5C05B695}.Release|x64.Build.0 = Release|Any CPU
		{22BC18EC-BCFD-4F61-B9D9-F72B37C369DB}.Debug|Win32.ActiveCfg = Debug|x86
		{22BC18EC-BCFD-4F61-B9D9-F72B37C369DB}.Debug|Win32.Build.0 = Debug|x86
		{22BC18EC-BCFD-4F61-B9D9-F72B37C369DB}.Debug|x64.ActiveCfg = Debug|x86
		{22BC18EC-BCFD-4F61-B9D9-F72B37C369DB}.Debug|x64.Build.0 = Debug|x86
		{22BC18EC-BCFD-4F61-B9D9-F72B37C369DB}.Release|Win32.ActiveCfg = Release|x86
		{22BC18EC-BCFD-4F61-B9D9-F72B37C369DB}.Release|Win32.Build.0 = Release|x86
		{22BC18EC-BCFD-4F61-B9D9-F72B37C369DB}.Release|x64.ActiveCfg = Release|x86
		{22BC18EC-BCFD-4F61-B9D9-F72B37C369DB}.Release|x64.Build.0 = Release|x86
		{A2364D6A-00EF-417C-80A6-815726C70032}.Debug|Win32.ActiveCfg = Debug|Any CPU
		{A2364D6A-00EF-417C-80A6-815726C70032}.Debug|Win32.Build.0 = Debug|Any CPU
		{A2364D6A-00EF-417C-80A6-815726C70032}.Debug|x64.ActiveCfg = Debug|Any CPU
		{A2364D6A-00EF-417C-80A6-815726C70032}.Debug|x64.Build.0 = Debug|Any CPU
		{A2364D6A-00EF-417C-80A6-815726C70032}.Release|Win32.ActiveCfg = Release|Any CPU
		{A2364D6A-00EF-417C-80A6-815726C70032}.Release|Win32.Build.0 = Release|Any CPU
		{A2364D6A-00EF-417C-80A6-815726C70032}.Release|x64.ActiveCfg = Release|Any CPU
		{A2364D6A-00EF-417C-80A6-815726C70032}.Release|x64.Build.0 = Release|Any CPU
		{F0BB7927-B2DB-4E37-9807-8E697CA09F32}.Debug|Win32.ActiveCfg = Debug|Any CPU
		{F0BB7927-B2DB-4E37-9807-8E697CA09F32}.Debug|Win32.Build.0 = Debug|Any CPU
		{F0BB7927-B2DB-4E37-9807-8E697CA09F32}.Debug|x64.ActiveCfg = Debug|Any CPU
		{F0BB7927-B2DB-4E37-9807-8E697CA09F32}.Debug|x64.Build.0 = Debug|Any CPU
		{F0BB7927-B2DB-4E37-9807-8E697CA09F32}.Release|Win32.ActiveCfg = Release|Any CPU
		{F0BB7927-B2DB-4E37-9807-8E697CA09F32}.Release|Win32.Build.0 = Release|Any CPU
		{F0BB7927-B2DB-4E37-9807-8E697CA09F32}.Release|x64.ActiveCfg = Release|Any CPU
		{F0BB7927-B2DB-4E37-9807-8E697CA09F32}.Release|x64.Build.0 = Release|Any CPU
	EndGlobalSection
	GlobalSection(SolutionProperties) = preSolution
		HideSolutionNode = FALSE
	EndGlobalSection
EndGlobal
